
Microsoft Visual Studio Solution File, Format Version 12.00
# Visual Studio Version 17
VisualStudioVersion = 17.14.36518.9 d17.14
MinimumVisualStudioVersion = 10.0.40219.1
Project("{FAE04EC0-301F-11D3-BF4B-00C04F79EFBC}") = "AI Document Intelligence", "AI Document Intelligence.csproj", "{625E9AAE-5160-40FF-96C4-E4D0C3A9687E}"
EndProject
Global
	GlobalSection(SolutionConfigurationPlatforms) = preSolution
		Debug|Any CPU = Debug|Any CPU
		Release|Any CPU = Release|Any CPU
	EndGlobalSection
	GlobalSection(ProjectConfigurationPlatforms) = postSolution
		{625E9AAE-5160-40FF-96C4-E4D0C3A9687E}.Debug|Any CPU.ActiveCfg = Debug|Any CPU
		{625E9AAE-5160-40FF-96C4-E4D0C3A9687E}.Debug|Any CPU.Build.0 = Debug|Any CPU
		{625E9AAE-5160-40FF-96C4-E4D0C3A9687E}.Release|Any CPU.ActiveCfg = Release|Any CPU
		{625E9AAE-5160-40FF-96C4-E4D0C3A9687E}.Release|Any CPU.Build.0 = Release|Any CPU
	EndGlobalSection
	GlobalSection(SolutionProperties) = preSolution
		HideSolutionNode = FALSE
	EndGlobalSection
	GlobalSection(ExtensibilityGlobals) = postSolution
		SolutionGuid = {104D8AAE-1BB0-42AA-A1F5-A6FB5F9B8CE7}
	EndGlobalSection
EndGlobal
